
Microsoft Visual Studio Solution File, Format Version 12.00
# Visual Studio 14
VisualStudioVersion = 14.0.25123.0
MinimumVisualStudioVersion = 10.0.40219.1
Project("{FAE04EC0-301F-11D3-BF4B-00C04F79EFBC}") = "QaTip.Fitnesse.Demo", "QaTip.Fitnesse.Demo\QaTip.Fitnesse.Demo.csproj", "{EEC56A1C-1AD6-496A-9C34-49534F9E1374}"
EndProject
Project("{FAE04EC0-301F-11D3-BF4B-00C04F79EFBC}") = "specflow", "specflow\specflow.csproj", "{ADFF9986-4565-48A4-8437-79EC5331FE89}"
EndProject
Global
	GlobalSection(SolutionConfigurationPlatforms) = preSolution
		Debug|Any CPU = Debug|Any CPU
		Release|Any CPU = Release|Any CPU
	EndGlobalSection
	GlobalSection(ProjectConfigurationPlatforms) = postSolution
		{EEC56A1C-1AD6-496A-9C34-49534F9E1374}.Debug|Any CPU.ActiveCfg = Debug|Any CPU
		{EEC56A1C-1AD6-496A-9C34-49534F9E1374}.Debug|Any CPU.Build.0 = Debug|Any CPU
		{EEC56A1C-1AD6-496A-9C34-49534F9E1374}.Release|Any CPU.ActiveCfg = Release|Any CPU
		{EEC56A1C-1AD6-496A-9C34-49534F9E1374}.Release|Any CPU.Build.0 = Release|Any CPU
		{ADFF9986-4565-48A4-8437-79EC5331FE89}.Debug|Any CPU.ActiveCfg = Debug|Any CPU
		{ADFF9986-4565-48A4-8437-79EC5331FE89}.Debug|Any CPU.Build.0 = Debug|Any CPU
		{ADFF9986-4565-48A4-8437-79EC5331FE89}.Release|Any CPU.ActiveCfg = Release|Any CPU
		{ADFF9986-4565-48A4-8437-79EC5331FE89}.Release|Any CPU.Build.0 = Release|Any CPU
	EndGlobalSection
	GlobalSection(SolutionProperties) = preSolution
		HideSolutionNode = FALSE
	EndGlobalSection
EndGlobal
